{
  "version": 4,
  "terraform_version": "0.12.7",
  "serial": 9,
  "lineage": "a43a6524-407e-7340-8d63-f97980fb5740",
  "outputs": {
    "public_key_name": {
      "value": "deployer-key",
      "type": "string"
    }
  },
  "resources": [
    {
      "mode": "managed",
      "type": "aws_dynamodb_table",
      "name": "terraform_locks",
      "provider": "provider.aws",
      "instances": [
        {
          "schema_version": 1,
          "attributes": {
            "arn": "arn:aws:dynamodb:eu-west-1:893657230803:table/jrb-terraform-state-locks",
            "attribute": [
              {
                "name": "LockID",
                "type": "S"
              }
            ],
            "billing_mode": "PAY_PER_REQUEST",
            "global_secondary_index": [],
            "hash_key": "LockID",
            "id": "jrb-terraform-state-locks",
            "local_secondary_index": [],
            "name": "jrb-terraform-state-locks",
            "point_in_time_recovery": [
              {
                "enabled": false
              }
            ],
            "range_key": null,
            "read_capacity": 0,
            "server_side_encryption": [],
            "stream_arn": "",
            "stream_enabled": false,
            "stream_label": "",
            "stream_view_type": "",
            "tags": {},
            "timeouts": null,
            "ttl": [
              {
                "attribute_name": "",
                "enabled": false
              }
            ],
            "write_capacity": 0
          },
          "private": "eyJlMmJmYjczMC1lY2FhLTExZTYtOGY4OC0zNDM2M2JjN2M0YzAiOnsiY3JlYXRlIjo2MDAwMDAwMDAwMDAsImRlbGV0ZSI6NjAwMDAwMDAwMDAwLCJ1cGRhdGUiOjM2MDAwMDAwMDAwMDB9LCJzY2hlbWFfdmVyc2lvbiI6IjEifQ=="
        }
      ]
    },
    {
      "mode": "managed",
      "type": "aws_key_pair",
      "name": "deployer",
      "provider": "provider.aws",
      "instances": [
        {
          "schema_version": 1,
          "attributes": {
            "fingerprint": "44:79:e9:bf:10:2b:02:6e:5d:5f:5c:ac:80:44:8f:44",
            "id": "deployer-key",
            "key_name": "deployer-key",
            "key_name_prefix": null,
            "public_key": "ssh-rsa AAAAB3NzaC1yc2EAAAADAQABAAACAQC+gSeWRykbPXrHp2GsTFtNsX5FdSKl6pyQ8WqbaBhHgshndMS9KKwP0SsYLJX4o9KagyhxQx9pdkFZYAgGfmGwrEv1U4sThGU0WD609XjASkT+uQ1Kft5EANDcppOQAiDIWttxVSX1BqOmp9vOM0QPmdgrXa32m2CC0HqSMBGO6TbaW7yF8o9+wJHOE4klnbLT3/UOajaTpvQoLpEiaYbHbuCIBX8McsfzgJLsSjKHmKoxRN8wHjLMT528iUbh67J97HrIlGJRTOWCk+FehroGRZo8y+749GaXfYnS/ZC2X58zj6EZ0qQsSkmHUVRcnZzp0/OSee50jviAWxlOr8Rg/xz0Ymbx+QyifYoIRnZwLkYoQNUKE3Gippfu+Z7QYp5CvufzcQLitT/ZGY+eyF1k0HD5L+6oF0nUvDeCSKNATZS1WaIXL008u4aiGXiWQG9F8CdAw9ZyNQi/LT88Qbhy3UoNNJrNxYQ1jrMq/vqjOpMFPbVqJfvCHDX8lXXrOHmQqlb3dxkgdoOxXgivP45aD21Bs1GIjgyKJEZ7b2iPaKZsNQfpTqnqsHnSxzW6PFc3IVWYJwU4pOQttlb16wUsM8ArURYCwC9zcN8mVoJWIbCucyYcJYxqocC1lfoRoYuPMAnDPskfKs1HiGAq+JlmsnWw6aDxfsYW6MmAx8AB1Q== jorge.roldan@gmail.com"
          },
          "private": "eyJzY2hlbWFfdmVyc2lvbiI6IjEifQ=="
        }
      ]
    },
    {
      "mode": "managed",
      "type": "aws_s3_bucket",
      "name": "terraform_state",
      "provider": "provider.aws",
      "instances": [
        {
          "schema_version": 0,
          "attributes": {
            "acceleration_status": "",
            "acl": "private",
            "arn": "arn:aws:s3:::jrb.terraform.state",
            "bucket": "jrb.terraform.state",
            "bucket_domain_name": "jrb.terraform.state.s3.amazonaws.com",
            "bucket_prefix": null,
            "bucket_regional_domain_name": "jrb.terraform.state.s3.eu-west-1.amazonaws.com",
            "cors_rule": [],
            "force_destroy": false,
            "hosted_zone_id": "Z1BKCTXD74EZPE",
            "id": "jrb.terraform.state",
            "lifecycle_rule": [],
            "logging": [],
            "object_lock_configuration": [],
            "policy": null,
            "region": "eu-west-1",
            "replication_configuration": [],
            "request_payer": "BucketOwner",
            "server_side_encryption_configuration": [
              {
                "rule": [
                  {
                    "apply_server_side_encryption_by_default": [
                      {
                        "kms_master_key_id": "",
                        "sse_algorithm": "AES256"
                      }
                    ]
                  }
                ]
              }
            ],
            "tags": {},
            "versioning": [
              {
                "enabled": true,
                "mfa_delete": false
              }
            ],
            "website": [],
            "website_domain": null,
            "website_endpoint": null
          },
          "private": "bnVsbA=="
        }
      ]
    }
  ]
}
